
Microsoft Visual Studio Solution File, Format Version 12.00
# Visual Studio Version 17
VisualStudioVersion = 17.10.34707.107
MinimumVisualStudioVersion = 10.0.40219.1
Project("{FAE04EC0-301F-11D3-BF4B-00C04F79EFBC}") = "NetChat", "NetChat\NetChat.csproj", "{FB994A96-E107-4687-8D4A-3B700143D1DC}"
EndProject
Project("{FAE04EC0-301F-11D3-BF4B-00C04F79EFBC}") = "weekysoft.store", "weekysoft.store\weekysoft.store.csproj", "{CDCE58F7-0F38-49A2-A4DE-7366A5E34074}"
EndProject
Project("{FAE04EC0-301F-11D3-BF4B-00C04F79EFBC}") = "Sockets.Plugin", "Sockets.Plugin\Sockets.Plugin.csproj", "{34E5376A-E3E4-46C1-B8E2-53E55DB4FC38}"
EndProject
Project("{FAE04EC0-301F-11D3-BF4B-00C04F79EFBC}") = "Sockets.Plugin.Abstractions", "Sockets.Plugin.Abstractions\Sockets.Plugin.Abstractions.csproj", "{20368CC5-4AE6-475C-8A91-9655C252DAC3}"
EndProject
Project("{FAE04EC0-301F-11D3-BF4B-00C04F79EFBC}") = "IGM.Library", "IGM.Library\IGM.Library.csproj", "{37920E9F-5241-4249-ACAA-A691288E8423}"
EndProject
Project("{FAE04EC0-301F-11D3-BF4B-00C04F79EFBC}") = "Coding4Fun.Toolkit", "Coding4Fun.Toolkit\Coding4Fun.Toolkit.csproj", "{3E2D0E0D-1AA8-4286-85B2-7A68CFA65E3A}"
EndProject
Project("{FAE04EC0-301F-11D3-BF4B-00C04F79EFBC}") = "Coding4Fun.Toolkit.Controls", "Coding4Fun.Toolkit.Controls\Coding4Fun.Toolkit.Controls.csproj", "{6DCB4564-B261-4A28-98DC-6890F6B05686}"
EndProject
Global
	GlobalSection(SolutionConfigurationPlatforms) = preSolution
		Debug|Any CPU = Debug|Any CPU
		Debug|ARM = Debug|ARM
		Debug|ARM64 = Debug|ARM64
		Debug|x64 = Debug|x64
		Debug|x86 = Debug|x86
		Release|Any CPU = Release|Any CPU
		Release|ARM = Release|ARM
		Release|ARM64 = Release|ARM64
		Release|x64 = Release|x64
		Release|x86 = Release|x86
	EndGlobalSection
	GlobalSection(ProjectConfigurationPlatforms) = postSolution
		{FB994A96-E107-4687-8D4A-3B700143D1DC}.Debug|Any CPU.ActiveCfg = Debug|x64
		{FB994A96-E107-4687-8D4A-3B700143D1DC}.Debug|Any CPU.Build.0 = Debug|x64
		{FB994A96-E107-4687-8D4A-3B700143D1DC}.Debug|Any CPU.Deploy.0 = Debug|x64
		{FB994A96-E107-4687-8D4A-3B700143D1DC}.Debug|ARM.ActiveCfg = Debug|ARM
		{FB994A96-E107-4687-8D4A-3B700143D1DC}.Debug|ARM.Build.0 = Debug|ARM
		{FB994A96-E107-4687-8D4A-3B700143D1DC}.Debug|ARM.Deploy.0 = Debug|ARM
		{FB994A96-E107-4687-8D4A-3B700143D1DC}.Debug|ARM64.ActiveCfg = Debug|ARM64
		{FB994A96-E107-4687-8D4A-3B700143D1DC}.Debug|ARM64.Build.0 = Debug|ARM64
		{FB994A96-E107-4687-8D4A-3B700143D1DC}.Debug|ARM64.Deploy.0 = Debug|ARM64
		{FB994A96-E107-4687-8D4A-3B700143D1DC}.Debug|x64.ActiveCfg = Debug|x64
		{FB994A96-E107-4687-8D4A-3B700143D1DC}.Debug|x64.Build.0 = Debug|x64
		{FB994A96-E107-4687-8D4A-3B700143D1DC}.Debug|x64.Deploy.0 = Debug|x64
		{FB994A96-E107-4687-8D4A-3B700143D1DC}.Debug|x86.ActiveCfg = Debug|x86
		{FB994A96-E107-4687-8D4A-3B700143D1DC}.Debug|x86.Build.0 = Debug|x86
		{FB994A96-E107-4687-8D4A-3B700143D1DC}.Debug|x86.Deploy.0 = Debug|x86
		{FB994A96-E107-4687-8D4A-3B700143D1DC}.Release|Any CPU.ActiveCfg = Release|x64
		{FB994A96-E107-4687-8D4A-3B700143D1DC}.Release|Any CPU.Build.0 = Release|x64
		{FB994A96-E107-4687-8D4A-3B700143D1DC}.Release|Any CPU.Deploy.0 = Release|x64
		{FB994A96-E107-4687-8D4A-3B700143D1DC}.Release|ARM.ActiveCfg = Release|ARM
		{FB994A96-E107-4687-8D4A-3B700143D1DC}.Release|ARM.Build.0 = Release|ARM
		{FB994A96-E107-4687-8D4A-3B700143D1DC}.Release|ARM.Deploy.0 = Release|ARM
		{FB994A96-E107-4687-8D4A-3B700143D1DC}.Release|ARM64.ActiveCfg = Release|ARM64
		{FB994A96-E107-4687-8D4A-3B700143D1DC}.Release|ARM64.Build.0 = Release|ARM64
		{FB994A96-E107-4687-8D4A-3B700143D1DC}.Release|ARM64.Deploy.0 = Release|ARM64
		{FB994A96-E107-4687-8D4A-3B700143D1DC}.Release|x64.ActiveCfg = Release|x64
		{FB994A96-E107-4687-8D4A-3B700143D1DC}.Release|x64.Build.0 = Release|x64
		{FB994A96-E107-4687-8D4A-3B700143D1DC}.Release|x64.Deploy.0 = Release|x64
		{FB994A96-E107-4687-8D4A-3B700143D1DC}.Release|x86.ActiveCfg = Release|x86
		{FB994A96-E107-4687-8D4A-3B700143D1DC}.Release|x86.Build.0 = Release|x86
		{FB994A96-E107-4687-8D4A-3B700143D1DC}.Release|x86.Deploy.0 = Release|x86
		{CDCE58F7-0F38-49A2-A4DE-7366A5E34074}.Debug|Any CPU.ActiveCfg = Debug|Any CPU
		{CDCE58F7-0F38-49A2-A4DE-7366A5E34074}.Debug|Any CPU.Build.0 = Debug|Any CPU
		{CDCE58F7-0F38-49A2-A4DE-7366A5E34074}.Debug|ARM.ActiveCfg = Debug|ARM
		{CDCE58F7-0F38-49A2-A4DE-7366A5E34074}.Debug|ARM.Build.0 = Debug|ARM
		{CDCE58F7-0F38-49A2-A4DE-7366A5E34074}.Debug|ARM64.ActiveCfg = Debug|ARM64
		{CDCE58F7-0F38-49A2-A4DE-7366A5E34074}.Debug|ARM64.Build.0 = Debug|ARM64
		{CDCE58F7-0F38-49A2-A4DE-7366A5E34074}.Debug|x64.ActiveCfg = Debug|x64
		{CDCE58F7-0F38-49A2-A4DE-7366A5E34074}.Debug|x64.Build.0 = Debug|x64
		{CDCE58F7-0F38-49A2-A4DE-7366A5E34074}.Debug|x86.ActiveCfg = Debug|x86
		{CDCE58F7-0F38-49A2-A4DE-7366A5E34074}.Debug|x86.Build.0 = Debug|x86
		{CDCE58F7-0F38-49A2-A4DE-7366A5E34074}.Release|Any CPU.ActiveCfg = Release|Any CPU
		{CDCE58F7-0F38-49A2-A4DE-7366A5E34074}.Release|Any CPU.Build.0 = Release|Any CPU
		{CDCE58F7-0F38-49A2-A4DE-7366A5E34074}.Release|ARM.ActiveCfg = Release|ARM
		{CDCE58F7-0F38-49A2-A4DE-7366A5E34074}.Release|ARM.Build.0 = Release|ARM
		{CDCE58F7-0F38-49A2-A4DE-7366A5E34074}.Release|ARM64.ActiveCfg = Release|ARM64
		{CDCE58F7-0F38-49A2-A4DE-7366A5E34074}.Release|ARM64.Build.0 = Release|ARM64
		{CDCE58F7-0F38-49A2-A4DE-7366A5E34074}.Release|x64.ActiveCfg = Release|x64
		{CDCE58F7-0F38-49A2-A4DE-7366A5E34074}.Release|x64.Build.0 = Release|x64
		{CDCE58F7-0F38-49A2-A4DE-7366A5E34074}.Release|x86.ActiveCfg = Release|x86
		{CDCE58F7-0F38-49A2-A4DE-7366A5E34074}.Release|x86.Build.0 = Release|x86
		{34E5376A-E3E4-46C1-B8E2-53E55DB4FC38}.Debug|Any CPU.ActiveCfg = Debug|Any CPU
		{34E5376A-E3E4-46C1-B8E2-53E55DB4FC38}.Debug|Any CPU.Build.0 = Debug|Any CPU
		{34E5376A-E3E4-46C1-B8E2-53E55DB4FC38}.Debug|ARM.ActiveCfg = Debug|ARM
		{34E5376A-E3E4-46C1-B8E2-53E55DB4FC38}.Debug|ARM.Build.0 = Debug|ARM
		{34E5376A-E3E4-46C1-B8E2-53E55DB4FC38}.Debug|ARM64.ActiveCfg = Debug|ARM64
		{34E5376A-E3E4-46C1-B8E2-53E55DB4FC38}.Debug|ARM64.Build.0 = Debug|ARM64
		{34E5376A-E3E4-46C1-B8E2-53E55DB4FC38}.Debug|x64.ActiveCfg = Debug|x64
		{34E5376A-E3E4-46C1-B8E2-53E55DB4FC38}.Debug|x64.Build.0 = Debug|x64
		{34E5376A-E3E4-46C1-B8E2-53E55DB4FC38}.Debug|x86.ActiveCfg = Debug|x86
		{34E5376A-E3E4-46C1-B8E2-53E55DB4FC38}.Debug|x86.Build.0 = Debug|x86
		{34E5376A-E3E4-46C1-B8E2-53E55DB4FC38}.Release|Any CPU.ActiveCfg = Release|Any CPU
		{34E5376A-E3E4-46C1-B8E2-53E55DB4FC38}.Release|Any CPU.Build.0 = Release|Any CPU
		{34E5376A-E3E4-46C1-B8E2-53E55DB4FC38}.Release|ARM.ActiveCfg = Release|ARM
		{34E5376A-E3E4-46C1-B8E2-53E55DB4FC38}.Release|ARM.Build.0 = Release|ARM
		{34E5376A-E3E4-46C1-B8E2-53E55DB4FC38}.Release|ARM64.ActiveCfg = Release|ARM64
		{34E5376A-E3E4-46C1-B8E2-53E55DB4FC38}.Release|ARM64.Build.0 = Release|ARM64
		{34E5376A-E3E4-46C1-B8E2-53E55DB4FC38}.Release|x64.ActiveCfg = Release|x64
		{34E5376A-E3E4-46C1-B8E2-53E55DB4FC38}.Release|x64.Build.0 = Release|x64
		{34E5376A-E3E4-46C1-B8E2-53E55DB4FC38}.Release|x86.ActiveCfg = Release|x86
		{34E5376A-E3E4-46C1-B8E2-53E55DB4FC38}.Release|x86.Build.0 = Release|x86
		{20368CC5-4AE6-475C-8A91-9655C252DAC3}.Debug|Any CPU.ActiveCfg = Debug|Any CPU
		{20368CC5-4AE6-475C-8A91-9655C252DAC3}.Debug|Any CPU.Build.0 = Debug|Any CPU
		{20368CC5-4AE6-475C-8A91-9655C252DAC3}.Debug|ARM.ActiveCfg = Debug|ARM
		{20368CC5-4AE6-475C-8A91-9655C252DAC3}.Debug|ARM.Build.0 = Debug|ARM
		{20368CC5-4AE6-475C-8A91-9655C252DAC3}.Debug|ARM64.ActiveCfg = Debug|ARM64
		{20368CC5-4AE6-475C-8A91-9655C252DAC3}.Debug|ARM64.Build.0 = Debug|ARM64
		{20368CC5-4AE6-475C-8A91-9655C252DAC3}.Debug|x64.ActiveCfg = Debug|x64
		{20368CC5-4AE6-475C-8A91-9655C252DAC3}.Debug|x64.Build.0 = Debug|x64
		{20368CC5-4AE6-475C-8A91-9655C252DAC3}.Debug|x86.ActiveCfg = Debug|x86
		{20368CC5-4AE6-475C-8A91-9655C252DAC3}.Debug|x86.Build.0 = Debug|x86
		{20368CC5-4AE6-475C-8A91-9655C252DAC3}.Release|Any CPU.ActiveCfg = Release|Any CPU
		{20368CC5-4AE6-475C-8A91-9655C252DAC3}.Release|Any CPU.Build.0 = Release|Any CPU
		{20368CC5-4AE6-475C-8A91-9655C252DAC3}.Release|ARM.ActiveCfg = Release|ARM
		{20368CC5-4AE6-475C-8A91-9655C252DAC3}.Release|ARM.Build.0 = Release|ARM
		{20368CC5-4AE6-475C-8A91-9655C252DAC3}.Release|ARM64.ActiveCfg = Release|ARM64
		{20368CC5-4AE6-475C-8A91-9655C252DAC3}.Release|ARM64.Build.0 = Release|ARM64
		{20368CC5-4AE6-475C-8A91-9655C252DAC3}.Release|x64.ActiveCfg = Release|x64
		{20368CC5-4AE6-475C-8A91-9655C252DAC3}.Release|x64.Build.0 = Release|x64
		{20368CC5-4AE6-475C-8A91-9655C252DAC3}.Release|x86.ActiveCfg = Release|x86
		{20368CC5-4AE6-475C-8A91-9655C252DAC3}.Release|x86.Build.0 = Release|x86
		{37920E9F-5241-4249-ACAA-A691288E8423}.Debug|Any CPU.ActiveCfg = Debug|Any CPU
		{37920E9F-5241-4249-ACAA-A691288E8423}.Debug|Any CPU.Build.0 = Debug|Any CPU
		{37920E9F-5241-4249-ACAA-A691288E8423}.Debug|ARM.ActiveCfg = Debug|ARM
		{37920E9F-5241-4249-ACAA-A691288E8423}.Debug|ARM.Build.0 = Debug|ARM
		{37920E9F-5241-4249-ACAA-A691288E8423}.Debug|ARM64.ActiveCfg = Debug|ARM64
		{37920E9F-5241-4249-ACAA-A691288E8423}.Debug|ARM64.Build.0 = Debug|ARM64
		{37920E9F-5241-4249-ACAA-A691288E8423}.Debug|x64.ActiveCfg = Debug|x64
		{37920E9F-5241-4249-ACAA-A691288E8423}.Debug|x64.Build.0 = Debug|x64
		{37920E9F-5241-4249-ACAA-A691288E8423}.Debug|x86.ActiveCfg = Debug|x86
		{37920E9F-5241-4249-ACAA-A691288E8423}.Debug|x86.Build.0 = Debug|x86
		{37920E9F-5241-4249-ACAA-A691288E8423}.Release|Any CPU.ActiveCfg = Release|Any CPU
		{37920E9F-5241-4249-ACAA-A691288E8423}.Release|Any CPU.Build.0 = Release|Any CPU
		{37920E9F-5241-4249-ACAA-A691288E8423}.Release|ARM.ActiveCfg = Release|ARM
		{37920E9F-5241-4249-ACAA-A691288E8423}.Release|ARM.Build.0 = Release|ARM
		{37920E9F-5241-4249-ACAA-A691288E8423}.Release|ARM64.ActiveCfg = Release|ARM64
		{37920E9F-5241-4249-ACAA-A691288E8423}.Release|ARM64.Build.0 = Release|ARM64
		{37920E9F-5241-4249-ACAA-A691288E8423}.Release|x64.ActiveCfg = Release|x64
		{37920E9F-5241-4249-ACAA-A691288E8423}.Release|x64.Build.0 = Release|x64
		{37920E9F-5241-4249-ACAA-A691288E8423}.Release|x86.ActiveCfg = Release|x86
		{37920E9F-5241-4249-ACAA-A691288E8423}.Release|x86.Build.0 = Release|x86
		{3E2D0E0D-1AA8-4286-85B2-7A68CFA65E3A}.Debug|Any CPU.ActiveCfg = Debug|Any CPU
		{3E2D0E0D-1AA8-4286-85B2-7A68CFA65E3A}.Debug|Any CPU.Build.0 = Debug|Any CPU
		{3E2D0E0D-1AA8-4286-85B2-7A68CFA65E3A}.Debug|ARM.ActiveCfg = Debug|ARM
		{3E2D0E0D-1AA8-4286-85B2-7A68CFA65E3A}.Debug|ARM.Build.0 = Debug|ARM
		{3E2D0E0D-1AA8-4286-85B2-7A68CFA65E3A}.Debug|ARM64.ActiveCfg = Debug|ARM64
		{3E2D0E0D-1AA8-4286-85B2-7A68CFA65E3A}.Debug|ARM64.Build.0 = Debug|ARM64
		{3E2D0E0D-1AA8-4286-85B2-7A68CFA65E3A}.Debug|x64.ActiveCfg = Debug|x64
		{3E2D0E0D-1AA8-4286-85B2-7A68CFA65E3A}.Debug|x64.Build.0 = Debug|x64
		{3E2D0E0D-1AA8-4286-85B2-7A68CFA65E3A}.Debug|x86.ActiveCfg = Debug|x86
		{3E2D0E0D-1AA8-4286-85B2-7A68CFA65E3A}.Debug|x86.Build.0 = Debug|x86
		{3E2D0E0D-1AA8-4286-85B2-7A68CFA65E3A}.Release|Any CPU.ActiveCfg = Release|Any CPU
		{3E2D0E0D-1AA8-4286-85B2-7A68CFA65E3A}.Release|Any CPU.Build.0 = Release|Any CPU
		{3E2D0E0D-1AA8-4286-85B2-7A68CFA65E3A}.Release|ARM.ActiveCfg = Release|ARM
		{3E2D0E0D-1AA8-4286-85B2-7A68CFA65E3A}.Release|ARM.Build.0 = Release|ARM
		{3E2D0E0D-1AA8-4286-85B2-7A68CFA65E3A}.Release|ARM64.ActiveCfg = Release|ARM64
		{3E2D0E0D-1AA8-4286-85B2-7A68CFA65E3A}.Release|ARM64.Build.0 = Release|ARM64
		{3E2D0E0D-1AA8-4286-85B2-7A68CFA65E3A}.Release|x64.ActiveCfg = Release|x64
		{3E2D0E0D-1AA8-4286-85B2-7A68CFA65E3A}.Release|x64.Build.0 = Release|x64
		{3E2D0E0D-1AA8-4286-85B2-7A68CFA65E3A}.Release|x86.ActiveCfg = Release|x86
		{3E2D0E0D-1AA8-4286-85B2-7A68CFA65E3A}.Release|x86.Build.0 = Release|x86
		{6DCB4564-B261-4A28-98DC-6890F6B05686}.Debug|Any CPU.ActiveCfg = Debug|Any CPU
		{6DCB4564-B261-4A28-98DC-6890F6B05686}.Debug|Any CPU.Build.0 = Debug|Any CPU
		{6DCB4564-B261-4A28-98DC-6890F6B05686}.Debug|ARM.ActiveCfg = Debug|ARM
		{6DCB4564-B261-4A28-98DC-6890F6B05686}.Debug|ARM.Build.0 = Debug|ARM
		{6DCB4564-B261-4A28-98DC-6890F6B05686}.Debug|ARM64.ActiveCfg = Debug|ARM64
		{6DCB4564-B261-4A28-98DC-6890F6B05686}.Debug|ARM64.Build.0 = Debug|ARM64
		{6DCB4564-B261-4A28-98DC-6890F6B05686}.Debug|x64.ActiveCfg = Debug|x64
		{6DCB4564-B261-4A28-98DC-6890F6B05686}.Debug|x64.Build.0 = Debug|x64
		{6DCB4564-B261-4A28-98DC-6890F6B05686}.Debug|x86.ActiveCfg = Debug|x86
		{6DCB4564-B261-4A28-98DC-6890F6B05686}.Debug|x86.Build.0 = Debug|x86
		{6DCB4564-B261-4A28-98DC-6890F6B05686}.Release|Any CPU.ActiveCfg = Release|Any CPU
		{6DCB4564-B261-4A28-98DC-6890F6B05686}.Release|Any CPU.Build.0 = Release|Any CPU
		{6DCB4564-B261-4A28-98DC-6890F6B05686}.Release|ARM.ActiveCfg = Release|ARM
		{6DCB4564-B261-4A28-98DC-6890F6B05686}.Release|ARM.Build.0 = Release|ARM
		{6DCB4564-B261-4A28-98DC-6890F6B05686}.Release|ARM64.ActiveCfg = Release|ARM64
		{6DCB4564-B261-4A28-98DC-6890F6B05686}.Release|ARM64.Build.0 = Release|ARM64
		{6DCB4564-B261-4A28-98DC-6890F6B05686}.Release|x64.ActiveCfg = Release|x64
		{6DCB4564-B261-4A28-98DC-6890F6B05686}.Release|x64.Build.0 = Release|x64
		{6DCB4564-B261-4A28-98DC-6890F6B05686}.Release|x86.ActiveCfg = Release|x86
		{6DCB4564-B261-4A28-98DC-6890F6B05686}.Release|x86.Build.0 = Release|x86
	EndGlobalSection
	GlobalSection(SolutionProperties) = preSolution
		HideSolutionNode = FALSE
	EndGlobalSection
	GlobalSection(ExtensibilityGlobals) = postSolution
		SolutionGuid = {C6496CA8-5E9A-4060-9BAC-CAEDA73AA94F}
	EndGlobalSection
EndGlobal
