
Microsoft Visual Studio Solution File, Format Version 12.00
# Visual Studio 2015
Project("{FAE04EC0-301F-11D3-BF4B-00C04F79EFBC}") = "weekysoft.store", "weekysoft.store.csproj", "{ABFD62C7-A151-4B18-8ADE-69DD1C2524FA}"
EndProject
Global
	GlobalSection(SolutionConfigurationPlatforms) = preSolution
		Debug|Any CPU = Debug|Any CPU
		Release|Any CPU = Release|Any CPU
	EndGlobalSection
	GlobalSection(ProjectConfigurationPlatforms) = postSolution
		{ABFD62C7-A151-4B18-8ADE-69DD1C2524FA}.Debug|Any CPU.ActiveCfg = Debug|Any CPU
		{ABFD62C7-A151-4B18-8ADE-69DD1C2524FA}.Debug|Any CPU.Build.0 = Debug|Any CPU
		{ABFD62C7-A151-4B18-8ADE-69DD1C2524FA}.Release|Any CPU.ActiveCfg = Release|Any CPU
		{ABFD62C7-A151-4B18-8ADE-69DD1C2524FA}.Release|Any CPU.Build.0 = Release|Any CPU
	EndGlobalSection
	GlobalSection(SolutionProperties) = preSolution
		HideSolutionNode = FALSE
	EndGlobalSection
EndGlobal
